<?xml version="1.0" encoding="UTF-8"?>
<!DOCTYPE plist PUBLIC "-//Apple//DTD PLIST 1.0//EN" "http://www.apple.com/DTDs/PropertyList-1.0.dtd">
<plist version="1.0">
<dict>
	<key>archiveVersion</key>
	<string>1</string>
	<key>classes</key>
	<dict/>
	<key>objectVersion</key>
	<string>46</string>
	<key>objects</key>
	<dict>
		<key>053846AB3D56AF5647D5231C</key>
		<dict>
			<key>buildActionMask</key>
			<string>2147483647</string>
			<key>files</key>
			<array/>
			<key>inputPaths</key>
			<array/>
			<key>isa</key>
			<string>PBXShellScriptBuildPhase</string>
			<key>name</key>
			<string>Check Pods Manifest.lock</string>
			<key>outputPaths</key>
			<array/>
			<key>runOnlyForDeploymentPostprocessing</key>
			<string>0</string>
			<key>shellPath</key>
			<string>/bin/sh</string>
			<key>shellScript</key>
			<string>diff "${PODS_ROOT}/../Podfile.lock" "${PODS_ROOT}/Manifest.lock" &gt; /dev/null
if [[ $? != 0 ]] ; then
    cat &lt;&lt; EOM
error: The sandbox is not in sync with the Podfile.lock. Run 'pod install' or update your CocoaPods installation.
EOM
    exit 1
fi
</string>
			<key>showEnvVarsInLog</key>
			<string>0</string>
		</dict>
		<key>112B48D29F018510DB6116F4</key>
		<dict>
			<key>buildActionMask</key>
			<string>2147483647</string>
			<key>files</key>
			<array/>
			<key>inputPaths</key>
			<array/>
			<key>isa</key>
			<string>PBXShellScriptBuildPhase</string>
			<key>name</key>
			<string>Copy Pods Resources</string>
			<key>outputPaths</key>
			<array/>
			<key>runOnlyForDeploymentPostprocessing</key>
			<string>0</string>
			<key>shellPath</key>
			<string>/bin/sh</string>
			<key>shellScript</key>
			<string>"${SRCROOT}/Pods/Target Support Files/Pods-my32/Pods-my32-resources.sh"
</string>
			<key>showEnvVarsInLog</key>
			<string>0</string>
		</dict>
		<key>132B81E76D4F5792C85BFCD1</key>
		<dict>
			<key>explicitFileType</key>
			<string>archive.ar</string>
			<key>includeInIndex</key>
			<string>0</string>
			<key>isa</key>
			<string>PBXFileReference</string>
			<key>path</key>
			<string>libPods-my32UITests.a</string>
			<key>sourceTree</key>
			<string>BUILT_PRODUCTS_DIR</string>
		</dict>
		<key>14165E09E01AF5D716AFACF8</key>
		<dict>
			<key>fileRef</key>
			<string>132B81E76D4F5792C85BFCD1</string>
			<key>isa</key>
			<string>PBXBuildFile</string>
		</dict>
		<key>1AF2BAAB1D7E01F700D27D72</key>
		<dict>
			<key>children</key>
			<array>
				<string>1AF2BAE81D7E030400D27D72</string>
				<string>1AF2BAB61D7E01F700D27D72</string>
				<string>1AF2BACE1D7E01F700D27D72</string>
				<string>1AF2BAD91D7E01F700D27D72</string>
				<string>1AF2BAB51D7E01F700D27D72</string>
				<string>8C6A78E8EE61F859038FFFED</string>
				<string>26F9B45CBA54C1052AA1C998</string>
			</array>
			<key>isa</key>
			<string>PBXGroup</string>
			<key>sourceTree</key>
			<string>&lt;group&gt;</string>
		</dict>
		<key>1AF2BAAC1D7E01F700D27D72</key>
		<dict>
			<key>attributes</key>
			<dict>
				<key>LastSwiftUpdateCheck</key>
				<string>0730</string>
				<key>LastUpgradeCheck</key>
				<string>0730</string>
				<key>ORGANIZATIONNAME</key>
				<string>NoSad</string>
				<key>TargetAttributes</key>
				<dict>
					<key>1AF2BAB31D7E01F700D27D72</key>
					<dict>
						<key>CreatedOnToolsVersion</key>
						<string>7.3.1</string>
					</dict>
					<key>1AF2BACA1D7E01F700D27D72</key>
					<dict>
						<key>CreatedOnToolsVersion</key>
						<string>7.3.1</string>
						<key>TestTargetID</key>
						<string>1AF2BAB31D7E01F700D27D72</string>
					</dict>
					<key>1AF2BAD51D7E01F700D27D72</key>
					<dict>
						<key>CreatedOnToolsVersion</key>
						<string>7.3.1</string>
						<key>TestTargetID</key>
						<string>1AF2BAB31D7E01F700D27D72</string>
					</dict>
				</dict>
			</dict>
			<key>buildConfigurationList</key>
			<string>1AF2BAAF1D7E01F700D27D72</string>
			<key>compatibilityVersion</key>
			<string>Xcode 3.2</string>
			<key>developmentRegion</key>
			<string>English</string>
			<key>hasScannedForEncodings</key>
			<string>0</string>
			<key>isa</key>
			<string>PBXProject</string>
			<key>knownRegions</key>
			<array>
				<string>en</string>
				<string>Base</string>
			</array>
			<key>mainGroup</key>
			<string>1AF2BAAB1D7E01F700D27D72</string>
			<key>productRefGroup</key>
			<string>1AF2BAB51D7E01F700D27D72</string>
			<key>projectDirPath</key>
			<string></string>
			<key>projectReferences</key>
			<array/>
			<key>projectRoot</key>
			<string></string>
			<key>targets</key>
			<array>
				<string>1AF2BAB31D7E01F700D27D72</string>
				<string>1AF2BACA1D7E01F700D27D72</string>
				<string>1AF2BAD51D7E01F700D27D72</string>
			</array>
		</dict>
		<key>1AF2BAAF1D7E01F700D27D72</key>
		<dict>
			<key>buildConfigurations</key>
			<array>
				<string>1AF2BADD1D7E01F700D27D72</string>
				<string>1AF2BADE1D7E01F700D27D72</string>
			</array>
			<key>defaultConfigurationIsVisible</key>
			<string>0</string>
			<key>defaultConfigurationName</key>
			<string>Release</string>
			<key>isa</key>
			<string>XCConfigurationList</string>
		</dict>
		<key>1AF2BAB01D7E01F700D27D72</key>
		<dict>
			<key>buildActionMask</key>
			<string>2147483647</string>
			<key>files</key>
			<array>
				<string>1AF2BAEC1D7E038E00D27D72</string>
				<string>1AF2BAC01D7E01F700D27D72</string>
				<string>1AF2BABA1D7E01F700D27D72</string>
				<string>1AF2BAB81D7E01F700D27D72</string>
			</array>
			<key>isa</key>
			<string>PBXSourcesBuildPhase</string>
			<key>runOnlyForDeploymentPostprocessing</key>
			<string>0</string>
		</dict>
		<key>1AF2BAB11D7E01F700D27D72</key>
		<dict>
			<key>buildActionMask</key>
			<string>2147483647</string>
			<key>files</key>
			<array>
				<string>1AF2BAE91D7E030400D27D72</string>
				<string>40E30B4871CFF4AF706AC809</string>
			</array>
			<key>isa</key>
			<string>PBXFrameworksBuildPhase</string>
			<key>runOnlyForDeploymentPostprocessing</key>
			<string>0</string>
		</dict>
		<key>1AF2BAB21D7E01F700D27D72</key>
		<dict>
			<key>buildActionMask</key>
			<string>2147483647</string>
			<key>files</key>
			<array>
				<string>1AF2BAC51D7E01F700D27D72</string>
				<string>1AF2BAC21D7E01F700D27D72</string>
				<string>1AF2BABD1D7E01F700D27D72</string>
			</array>
			<key>isa</key>
			<string>PBXResourcesBuildPhase</string>
			<key>runOnlyForDeploymentPostprocessing</key>
			<string>0</string>
		</dict>
		<key>1AF2BAB31D7E01F700D27D72</key>
		<dict>
			<key>buildConfigurationList</key>
			<string>1AF2BADF1D7E01F700D27D72</string>
			<key>buildPhases</key>
			<array>
				<string>053846AB3D56AF5647D5231C</string>
				<string>1AF2BAB01D7E01F700D27D72</string>
				<string>1AF2BAB11D7E01F700D27D72</string>
				<string>1AF2BAB21D7E01F700D27D72</string>
				<string>D1B6AC3B697062E0E089EC8D</string>
				<string>112B48D29F018510DB6116F4</string>
			</array>
			<key>buildRules</key>
			<array/>
			<key>dependencies</key>
			<array/>
			<key>isa</key>
			<string>PBXNativeTarget</string>
			<key>name</key>
			<string>my32</string>
			<key>productName</key>
			<string>my32</string>
			<key>productReference</key>
			<string>1AF2BAB41D7E01F700D27D72</string>
			<key>productType</key>
			<string>com.apple.product-type.application</string>
		</dict>
		<key>1AF2BAB41D7E01F700D27D72</key>
		<dict>
			<key>explicitFileType</key>
			<string>wrapper.application</string>
			<key>includeInIndex</key>
			<string>0</string>
			<key>isa</key>
			<string>PBXFileReference</string>
			<key>path</key>
			<string>my32.app</string>
			<key>sourceTree</key>
			<string>BUILT_PRODUCTS_DIR</string>
		</dict>
		<key>1AF2BAB51D7E01F700D27D72</key>
		<dict>
			<key>children</key>
			<array>
				<string>1AF2BAB41D7E01F700D27D72</string>
				<string>1AF2BACB1D7E01F700D27D72</string>
				<string>1AF2BAD61D7E01F700D27D72</string>
			</array>
			<key>isa</key>
			<string>PBXGroup</string>
			<key>name</key>
			<string>Products</string>
			<key>sourceTree</key>
			<string>&lt;group&gt;</string>
		</dict>
		<key>1AF2BAB61D7E01F700D27D72</key>
		<dict>
			<key>children</key>
			<array>
				<string>1AF2BAEA1D7E037400D27D72</string>
				<string>1AF2BAB71D7E01F700D27D72</string>
				<string>1AF2BAB91D7E01F700D27D72</string>
				<string>1AF2BABB1D7E01F700D27D72</string>
				<string>1AF2BAC11D7E01F700D27D72</string>
				<string>1AF2BAC31D7E01F700D27D72</string>
				<string>1AF2BAC61D7E01F700D27D72</string>
				<string>1AF2BABE1D7E01F700D27D72</string>
			</array>
			<key>isa</key>
			<string>PBXGroup</string>
			<key>path</key>
			<string>my32</string>
			<key>sourceTree</key>
			<string>&lt;group&gt;</string>
		</dict>
		<key>1AF2BAB71D7E01F700D27D72</key>
		<dict>
			<key>isa</key>
			<string>PBXFileReference</string>
			<key>lastKnownFileType</key>
			<string>sourcecode.swift</string>
			<key>path</key>
			<string>AppDelegate.swift</string>
			<key>sourceTree</key>
			<string>&lt;group&gt;</string>
		</dict>
		<key>1AF2BAB81D7E01F700D27D72</key>
		<dict>
			<key>fileRef</key>
			<string>1AF2BAB71D7E01F700D27D72</string>
			<key>isa</key>
			<string>PBXBuildFile</string>
		</dict>
		<key>1AF2BAB91D7E01F700D27D72</key>
		<dict>
			<key>isa</key>
			<string>PBXFileReference</string>
			<key>lastKnownFileType</key>
			<string>sourcecode.swift</string>
			<key>path</key>
			<string>ViewController.swift</string>
			<key>sourceTree</key>
			<string>&lt;group&gt;</string>
		</dict>
		<key>1AF2BABA1D7E01F700D27D72</key>
		<dict>
			<key>fileRef</key>
			<string>1AF2BAB91D7E01F700D27D72</string>
			<key>isa</key>
			<string>PBXBuildFile</string>
		</dict>
		<key>1AF2BABB1D7E01F700D27D72</key>
		<dict>
			<key>children</key>
			<array>
				<string>1AF2BABC1D7E01F700D27D72</string>
			</array>
			<key>isa</key>
			<string>PBXVariantGroup</string>
			<key>name</key>
			<string>Main.storyboard</string>
			<key>sourceTree</key>
			<string>&lt;group&gt;</string>
		</dict>
		<key>1AF2BABC1D7E01F700D27D72</key>
		<dict>
			<key>isa</key>
			<string>PBXFileReference</string>
			<key>lastKnownFileType</key>
			<string>file.storyboard</string>
			<key>name</key>
			<string>Base</string>
			<key>path</key>
			<string>Base.lproj/Main.storyboard</string>
			<key>sourceTree</key>
			<string>&lt;group&gt;</string>
		</dict>
		<key>1AF2BABD1D7E01F700D27D72</key>
		<dict>
			<key>fileRef</key>
			<string>1AF2BABB1D7E01F700D27D72</string>
			<key>isa</key>
			<string>PBXBuildFile</string>
		</dict>
		<key>1AF2BABE1D7E01F700D27D72</key>
		<dict>
			<key>children</key>
			<array>
				<string>1AF2BABF1D7E01F700D27D72</string>
			</array>
			<key>currentVersion</key>
			<string>1AF2BABF1D7E01F700D27D72</string>
			<key>isa</key>
			<string>XCVersionGroup</string>
			<key>path</key>
			<string>my32.xcdatamodeld</string>
			<key>sourceTree</key>
			<string>&lt;group&gt;</string>
			<key>versionGroupType</key>
			<string>wrapper.xcdatamodel</string>
		</dict>
		<key>1AF2BABF1D7E01F700D27D72</key>
		<dict>
			<key>isa</key>
			<string>PBXFileReference</string>
			<key>lastKnownFileType</key>
			<string>wrapper.xcdatamodel</string>
			<key>path</key>
			<string>my32.xcdatamodel</string>
			<key>sourceTree</key>
			<string>&lt;group&gt;</string>
		</dict>
		<key>1AF2BAC01D7E01F700D27D72</key>
		<dict>
			<key>fileRef</key>
			<string>1AF2BABE1D7E01F700D27D72</string>
			<key>isa</key>
			<string>PBXBuildFile</string>
		</dict>
		<key>1AF2BAC11D7E01F700D27D72</key>
		<dict>
			<key>isa</key>
			<string>PBXFileReference</string>
			<key>lastKnownFileType</key>
			<string>folder.assetcatalog</string>
			<key>path</key>
			<string>Assets.xcassets</string>
			<key>sourceTree</key>
			<string>&lt;group&gt;</string>
		</dict>
		<key>1AF2BAC21D7E01F700D27D72</key>
		<dict>
			<key>fileRef</key>
			<string>1AF2BAC11D7E01F700D27D72</string>
			<key>isa</key>
			<string>PBXBuildFile</string>
		</dict>
		<key>1AF2BAC31D7E01F700D27D72</key>
		<dict>
			<key>children</key>
			<array>
				<string>1AF2BAC41D7E01F700D27D72</string>
			</array>
			<key>isa</key>
			<string>PBXVariantGroup</string>
			<key>name</key>
			<string>LaunchScreen.storyboard</string>
			<key>sourceTree</key>
			<string>&lt;group&gt;</string>
		</dict>
		<key>1AF2BAC41D7E01F700D27D72</key>
		<dict>
			<key>isa</key>
			<string>PBXFileReference</string>
			<key>lastKnownFileType</key>
			<string>file.storyboard</string>
			<key>name</key>
			<string>Base</string>
			<key>path</key>
			<string>Base.lproj/LaunchScreen.storyboard</string>
			<key>sourceTree</key>
			<string>&lt;group&gt;</string>
		</dict>
		<key>1AF2BAC51D7E01F700D27D72</key>
		<dict>
			<key>fileRef</key>
			<string>1AF2BAC31D7E01F700D27D72</string>
			<key>isa</key>
			<string>PBXBuildFile</string>
		</dict>
		<key>1AF2BAC61D7E01F700D27D72</key>
		<dict>
			<key>isa</key>
			<string>PBXFileReference</string>
			<key>lastKnownFileType</key>
			<string>text.plist.xml</string>
			<key>path</key>
			<string>Info.plist</string>
			<key>sourceTree</key>
			<string>&lt;group&gt;</string>
		</dict>
		<key>1AF2BAC71D7E01F700D27D72</key>
		<dict>
			<key>buildActionMask</key>
			<string>2147483647</string>
			<key>files</key>
			<array>
				<string>1AF2BAD01D7E01F700D27D72</string>
			</array>
			<key>isa</key>
			<string>PBXSourcesBuildPhase</string>
			<key>runOnlyForDeploymentPostprocessing</key>
			<string>0</string>
		</dict>
		<key>1AF2BAC81D7E01F700D27D72</key>
		<dict>
			<key>buildActionMask</key>
			<string>2147483647</string>
			<key>files</key>
			<array>
				<string>416D50300E2F17E875D3D1DE</string>
			</array>
			<key>isa</key>
			<string>PBXFrameworksBuildPhase</string>
			<key>runOnlyForDeploymentPostprocessing</key>
			<string>0</string>
		</dict>
		<key>1AF2BAC91D7E01F700D27D72</key>
		<dict>
			<key>buildActionMask</key>
			<string>2147483647</string>
			<key>files</key>
			<array/>
			<key>isa</key>
			<string>PBXResourcesBuildPhase</string>
			<key>runOnlyForDeploymentPostprocessing</key>
			<string>0</string>
		</dict>
		<key>1AF2BACA1D7E01F700D27D72</key>
		<dict>
			<key>buildConfigurationList</key>
			<string>1AF2BAE21D7E01F700D27D72</string>
			<key>buildPhases</key>
			<array>
				<string>D3EE6DE11BE0CBD9424E3D02</string>
				<string>1AF2BAC71D7E01F700D27D72</string>
				<string>1AF2BAC81D7E01F700D27D72</string>
				<string>1AF2BAC91D7E01F700D27D72</string>
				<string>FEE26D3A7060B9A58CDB0ACE</string>
				<string>FC7F6441901155BB948ABEDD</string>
			</array>
			<key>buildRules</key>
			<array/>
			<key>dependencies</key>
			<array>
				<string>1AF2BACD1D7E01F700D27D72</string>
			</array>
			<key>isa</key>
			<string>PBXNativeTarget</string>
			<key>name</key>
			<string>my32Tests</string>
			<key>productName</key>
			<string>my32Tests</string>
			<key>productReference</key>
			<string>1AF2BACB1D7E01F700D27D72</string>
			<key>productType</key>
			<string>com.apple.product-type.bundle.unit-test</string>
		</dict>
		<key>1AF2BACB1D7E01F700D27D72</key>
		<dict>
			<key>explicitFileType</key>
			<string>wrapper.cfbundle</string>
			<key>includeInIndex</key>
			<string>0</string>
			<key>isa</key>
			<string>PBXFileReference</string>
			<key>path</key>
			<string>my32Tests.xctest</string>
			<key>sourceTree</key>
			<string>BUILT_PRODUCTS_DIR</string>
		</dict>
		<key>1AF2BACC1D7E01F700D27D72</key>
		<dict>
			<key>containerPortal</key>
			<string>1AF2BAAC1D7E01F700D27D72</string>
			<key>isa</key>
			<string>PBXContainerItemProxy</string>
			<key>proxyType</key>
			<string>1</string>
			<key>remoteGlobalIDString</key>
			<string>1AF2BAB31D7E01F700D27D72</string>
			<key>remoteInfo</key>
			<string>my32</string>
		</dict>
		<key>1AF2BACD1D7E01F700D27D72</key>
		<dict>
			<key>isa</key>
			<string>PBXTargetDependency</string>
			<key>target</key>
			<string>1AF2BAB31D7E01F700D27D72</string>
			<key>targetProxy</key>
			<string>1AF2BACC1D7E01F700D27D72</string>
		</dict>
		<key>1AF2BACE1D7E01F700D27D72</key>
		<dict>
			<key>children</key>
			<array>
				<string>1AF2BACF1D7E01F700D27D72</string>
				<string>1AF2BAD11D7E01F700D27D72</string>
			</array>
			<key>isa</key>
			<string>PBXGroup</string>
			<key>path</key>
			<string>my32Tests</string>
			<key>sourceTree</key>
			<string>&lt;group&gt;</string>
		</dict>
		<key>1AF2BACF1D7E01F700D27D72</key>
		<dict>
			<key>isa</key>
			<string>PBXFileReference</string>
			<key>lastKnownFileType</key>
			<string>sourcecode.swift</string>
			<key>path</key>
			<string>my32Tests.swift</string>
			<key>sourceTree</key>
			<string>&lt;group&gt;</string>
		</dict>
		<key>1AF2BAD01D7E01F700D27D72</key>
		<dict>
			<key>fileRef</key>
			<string>1AF2BACF1D7E01F700D27D72</string>
			<key>isa</key>
			<string>PBXBuildFile</string>
		</dict>
		<key>1AF2BAD11D7E01F700D27D72</key>
		<dict>
			<key>isa</key>
			<string>PBXFileReference</string>
			<key>lastKnownFileType</key>
			<string>text.plist.xml</string>
			<key>path</key>
			<string>Info.plist</string>
			<key>sourceTree</key>
			<string>&lt;group&gt;</string>
		</dict>
		<key>1AF2BAD21D7E01F700D27D72</key>
		<dict>
			<key>buildActionMask</key>
			<string>2147483647</string>
			<key>files</key>
			<array>
				<string>1AF2BADB1D7E01F700D27D72</string>
			</array>
			<key>isa</key>
			<string>PBXSourcesBuildPhase</string>
			<key>runOnlyForDeploymentPostprocessing</key>
			<string>0</string>
		</dict>
		<key>1AF2BAD31D7E01F700D27D72</key>
		<dict>
			<key>buildActionMask</key>
			<string>2147483647</string>
			<key>files</key>
			<array>
				<string>14165E09E01AF5D716AFACF8</string>
			</array>
			<key>isa</key>
			<string>PBXFrameworksBuildPhase</string>
			<key>runOnlyForDeploymentPostprocessing</key>
			<string>0</string>
		</dict>
		<key>1AF2BAD41D7E01F700D27D72</key>
		<dict>
			<key>buildActionMask</key>
			<string>2147483647</string>
			<key>files</key>
			<array/>
			<key>isa</key>
			<string>PBXResourcesBuildPhase</string>
			<key>runOnlyForDeploymentPostprocessing</key>
			<string>0</string>
		</dict>
		<key>1AF2BAD51D7E01F700D27D72</key>
		<dict>
			<key>buildConfigurationList</key>
			<string>1AF2BAE51D7E01F700D27D72</string>
			<key>buildPhases</key>
			<array>
				<string>F1BC50F2B2C1C17F4C09F609</string>
				<string>1AF2BAD21D7E01F700D27D72</string>
				<string>1AF2BAD31D7E01F700D27D72</string>
				<string>1AF2BAD41D7E01F700D27D72</string>
				<string>35122E9816574ECBE7422163</string>
			</array>
			<key>buildRules</key>
			<array/>
			<key>dependencies</key>
			<array>
				<string>1AF2BAD81D7E01F700D27D72</string>
			</array>
			<key>isa</key>
			<string>PBXNativeTarget</string>
			<key>name</key>
			<string>my32UITests</string>
			<key>productName</key>
			<string>my32UITests</string>
			<key>productReference</key>
			<string>1AF2BAD61D7E01F700D27D72</string>
			<key>productType</key>
			<string>com.apple.product-type.bundle.ui-testing</string>
		</dict>
		<key>1AF2BAD61D7E01F700D27D72</key>
		<dict>
			<key>explicitFileType</key>
			<string>wrapper.cfbundle</string>
			<key>includeInIndex</key>
			<string>0</string>
			<key>isa</key>
			<string>PBXFileReference</string>
			<key>path</key>
			<string>my32UITests.xctest</string>
			<key>sourceTree</key>
			<string>BUILT_PRODUCTS_DIR</string>
		</dict>
		<key>1AF2BAD71D7E01F700D27D72</key>
		<dict>
			<key>containerPortal</key>
			<string>1AF2BAAC1D7E01F700D27D72</string>
			<key>isa</key>
			<string>PBXContainerItemProxy</string>
			<key>proxyType</key>
			<string>1</string>
			<key>remoteGlobalIDString</key>
			<string>1AF2BAB31D7E01F700D27D72</string>
			<key>remoteInfo</key>
			<string>my32</string>
		</dict>
		<key>1AF2BAD81D7E01F700D27D72</key>
		<dict>
			<key>isa</key>
			<string>PBXTargetDependency</string>
			<key>target</key>
			<string>1AF2BAB31D7E01F700D27D72</string>
			<key>targetProxy</key>
			<string>1AF2BAD71D7E01F700D27D72</string>
		</dict>
		<key>1AF2BAD91D7E01F700D27D72</key>
		<dict>
			<key>children</key>
			<array>
				<string>1AF2BADA1D7E01F700D27D72</string>
				<string>1AF2BADC1D7E01F700D27D72</string>
			</array>
			<key>isa</key>
			<string>PBXGroup</string>
			<key>path</key>
			<string>my32UITests</string>
			<key>sourceTree</key>
			<string>&lt;group&gt;</string>
		</dict>
		<key>1AF2BADA1D7E01F700D27D72</key>
		<dict>
			<key>isa</key>
			<string>PBXFileReference</string>
			<key>lastKnownFileType</key>
			<string>sourcecode.swift</string>
			<key>path</key>
			<string>my32UITests.swift</string>
			<key>sourceTree</key>
			<string>&lt;group&gt;</string>
		</dict>
		<key>1AF2BADB1D7E01F700D27D72</key>
		<dict>
			<key>fileRef</key>
			<string>1AF2BADA1D7E01F700D27D72</string>
			<key>isa</key>
			<string>PBXBuildFile</string>
		</dict>
		<key>1AF2BADC1D7E01F700D27D72</key>
		<dict>
			<key>isa</key>
			<string>PBXFileReference</string>
			<key>lastKnownFileType</key>
			<string>text.plist.xml</string>
			<key>path</key>
			<string>Info.plist</string>
			<key>sourceTree</key>
			<string>&lt;group&gt;</string>
		</dict>
		<key>1AF2BADD1D7E01F700D27D72</key>
		<dict>
			<key>buildSettings</key>
			<dict>
				<key>ALWAYS_SEARCH_USER_PATHS</key>
				<string>NO</string>
				<key>CLANG_ANALYZER_NONNULL</key>
				<string>YES</string>
				<key>CLANG_CXX_LANGUAGE_STANDARD</key>
				<string>gnu++0x</string>
				<key>CLANG_CXX_LIBRARY</key>
				<string>libc++</string>
				<key>CLANG_ENABLE_MODULES</key>
				<string>YES</string>
				<key>CLANG_ENABLE_OBJC_ARC</key>
				<string>YES</string>
				<key>CLANG_WARN_BOOL_CONVERSION</key>
				<string>YES</string>
				<key>CLANG_WARN_CONSTANT_CONVERSION</key>
				<string>YES</string>
				<key>CLANG_WARN_DIRECT_OBJC_ISA_USAGE</key>
				<string>YES_ERROR</string>
				<key>CLANG_WARN_EMPTY_BODY</key>
				<string>YES</string>
				<key>CLANG_WARN_ENUM_CONVERSION</key>
				<string>YES</string>
				<key>CLANG_WARN_INT_CONVERSION</key>
				<string>YES</string>
				<key>CLANG_WARN_OBJC_ROOT_CLASS</key>
				<string>YES_ERROR</string>
				<key>CLANG_WARN_UNREACHABLE_CODE</key>
				<string>YES</string>
				<key>CLANG_WARN__DUPLICATE_METHOD_MATCH</key>
				<string>YES</string>
				<key>CODE_SIGN_IDENTITY[sdk=iphoneos*]</key>
				<string>iPhone Developer</string>
				<key>COPY_PHASE_STRIP</key>
				<string>NO</string>
				<key>DEBUG_INFORMATION_FORMAT</key>
				<string>dwarf</string>
				<key>ENABLE_STRICT_OBJC_MSGSEND</key>
				<string>YES</string>
				<key>ENABLE_TESTABILITY</key>
				<string>YES</string>
				<key>GCC_C_LANGUAGE_STANDARD</key>
				<string>gnu99</string>
				<key>GCC_DYNAMIC_NO_PIC</key>
				<string>NO</string>
				<key>GCC_NO_COMMON_BLOCKS</key>
				<string>YES</string>
				<key>GCC_OPTIMIZATION_LEVEL</key>
				<string>0</string>
				<key>GCC_PREPROCESSOR_DEFINITIONS</key>
				<array>
					<string>DEBUG=1</string>
					<string>$(inherited)</string>
				</array>
				<key>GCC_WARN_64_TO_32_BIT_CONVERSION</key>
				<string>YES</string>
				<key>GCC_WARN_ABOUT_RETURN_TYPE</key>
				<string>YES_ERROR</string>
				<key>GCC_WARN_UNDECLARED_SELECTOR</key>
				<string>YES</string>
				<key>GCC_WARN_UNINITIALIZED_AUTOS</key>
				<string>YES_AGGRESSIVE</string>
				<key>GCC_WARN_UNUSED_FUNCTION</key>
				<string>YES</string>
				<key>GCC_WARN_UNUSED_VARIABLE</key>
				<string>YES</string>
				<key>IPHONEOS_DEPLOYMENT_TARGET</key>
				<string>9.3</string>
				<key>MTL_ENABLE_DEBUG_INFO</key>
				<string>YES</string>
				<key>ONLY_ACTIVE_ARCH</key>
				<string>YES</string>
				<key>SDKROOT</key>
				<string>iphoneos</string>
				<key>SWIFT_OPTIMIZATION_LEVEL</key>
				<string>-Onone</string>
				<key>TARGETED_DEVICE_FAMILY</key>
				<string>1,2</string>
			</dict>
			<key>isa</key>
			<string>XCBuildConfiguration</string>
			<key>name</key>
			<string>Debug</string>
		</dict>
		<key>1AF2BADE1D7E01F700D27D72</key>
		<dict>
			<key>buildSettings</key>
			<dict>
				<key>ALWAYS_SEARCH_USER_PATHS</key>
				<string>NO</string>
				<key>CLANG_ANALYZER_NONNULL</key>
				<string>YES</string>
				<key>CLANG_CXX_LANGUAGE_STANDARD</key>
				<string>gnu++0x</string>
				<key>CLANG_CXX_LIBRARY</key>
				<string>libc++</string>
				<key>CLANG_ENABLE_MODULES</key>
				<string>YES</string>
				<key>CLANG_ENABLE_OBJC_ARC</key>
				<string>YES</string>
				<key>CLANG_WARN_BOOL_CONVERSION</key>
				<string>YES</string>
				<key>CLANG_WARN_CONSTANT_CONVERSION</key>
				<string>YES</string>
				<key>CLANG_WARN_DIRECT_OBJC_ISA_USAGE</key>
				<string>YES_ERROR</string>
				<key>CLANG_WARN_EMPTY_BODY</key>
				<string>YES</string>
				<key>CLANG_WARN_ENUM_CONVERSION</key>
				<string>YES</string>
				<key>CLANG_WARN_INT_CONVERSION</key>
				<string>YES</string>
				<key>CLANG_WARN_OBJC_ROOT_CLASS</key>
				<string>YES_ERROR</string>
				<key>CLANG_WARN_UNREACHABLE_CODE</key>
				<string>YES</string>
				<key>CLANG_WARN__DUPLICATE_METHOD_MATCH</key>
				<string>YES</string>
				<key>CODE_SIGN_IDENTITY[sdk=iphoneos*]</key>
				<string>iPhone Developer</string>
				<key>COPY_PHASE_STRIP</key>
				<string>NO</string>
				<key>DEBUG_INFORMATION_FORMAT</key>
				<string>dwarf-with-dsym</string>
				<key>ENABLE_NS_ASSERTIONS</key>
				<string>NO</string>
				<key>ENABLE_STRICT_OBJC_MSGSEND</key>
				<string>YES</string>
				<key>GCC_C_LANGUAGE_STANDARD</key>
				<string>gnu99</string>
				<key>GCC_NO_COMMON_BLOCKS</key>
				<string>YES</string>
				<key>GCC_WARN_64_TO_32_BIT_CONVERSION</key>
				<string>YES</string>
				<key>GCC_WARN_ABOUT_RETURN_TYPE</key>
				<string>YES_ERROR</string>
				<key>GCC_WARN_UNDECLARED_SELECTOR</key>
				<string>YES</string>
				<key>GCC_WARN_UNINITIALIZED_AUTOS</key>
				<string>YES_AGGRESSIVE</string>
				<key>GCC_WARN_UNUSED_FUNCTION</key>
				<string>YES</string>
				<key>GCC_WARN_UNUSED_VARIABLE</key>
				<string>YES</string>
				<key>IPHONEOS_DEPLOYMENT_TARGET</key>
				<string>9.3</string>
				<key>MTL_ENABLE_DEBUG_INFO</key>
				<string>NO</string>
				<key>SDKROOT</key>
				<string>iphoneos</string>
				<key>TARGETED_DEVICE_FAMILY</key>
				<string>1,2</string>
				<key>VALIDATE_PRODUCT</key>
				<string>YES</string>
			</dict>
			<key>isa</key>
			<string>XCBuildConfiguration</string>
			<key>name</key>
			<string>Release</string>
		</dict>
		<key>1AF2BADF1D7E01F700D27D72</key>
		<dict>
			<key>buildConfigurations</key>
			<array>
				<string>1AF2BAE01D7E01F700D27D72</string>
				<string>1AF2BAE11D7E01F700D27D72</string>
			</array>
			<key>defaultConfigurationIsVisible</key>
			<string>0</string>
			<key>defaultConfigurationName</key>
			<string>Release</string>
			<key>isa</key>
			<string>XCConfigurationList</string>
		</dict>
		<key>1AF2BAE01D7E01F700D27D72</key>
		<dict>
			<key>baseConfigurationReference</key>
			<string>45517A4299B3181C21880A44</string>
			<key>buildSettings</key>
			<dict>
				<key>ASSETCATALOG_COMPILER_APPICON_NAME</key>
				<string>AppIcon</string>
				<key>INFOPLIST_FILE</key>
				<string>my32/Info.plist</string>
				<key>LD_RUNPATH_SEARCH_PATHS</key>
				<string>$(inherited) @executable_path/Frameworks</string>
				<key>PRODUCT_BUNDLE_IDENTIFIER</key>
				<string>com.noSad.my32</string>
				<key>PRODUCT_NAME</key>
				<string>$(TARGET_NAME)</string>
			</dict>
			<key>isa</key>
			<string>XCBuildConfiguration</string>
			<key>name</key>
			<string>Debug</string>
		</dict>
		<key>1AF2BAE11D7E01F700D27D72</key>
		<dict>
			<key>baseConfigurationReference</key>
			<string>AB09D9AF677F2C122496C3BD</string>
			<key>buildSettings</key>
			<dict>
				<key>ASSETCATALOG_COMPILER_APPICON_NAME</key>
				<string>AppIcon</string>
				<key>INFOPLIST_FILE</key>
				<string>my32/Info.plist</string>
				<key>LD_RUNPATH_SEARCH_PATHS</key>
				<string>$(inherited) @executable_path/Frameworks</string>
				<key>PRODUCT_BUNDLE_IDENTIFIER</key>
				<string>com.noSad.my32</string>
				<key>PRODUCT_NAME</key>
				<string>$(TARGET_NAME)</string>
			</dict>
			<key>isa</key>
			<string>XCBuildConfiguration</string>
			<key>name</key>
			<string>Release</string>
		</dict>
		<key>1AF2BAE21D7E01F700D27D72</key>
		<dict>
			<key>buildConfigurations</key>
			<array>
				<string>1AF2BAE31D7E01F700D27D72</string>
				<string>1AF2BAE41D7E01F700D27D72</string>
			</array>
			<key>defaultConfigurationIsVisible</key>
			<string>0</string>
			<key>defaultConfigurationName</key>
			<string>Release</string>
			<key>isa</key>
			<string>XCConfigurationList</string>
		</dict>
		<key>1AF2BAE31D7E01F700D27D72</key>
		<dict>
			<key>baseConfigurationReference</key>
			<string>5CFDF49499383E2BA1B8B403</string>
			<key>buildSettings</key>
			<dict>
				<key>BUNDLE_LOADER</key>
				<string>$(TEST_HOST)</string>
				<key>INFOPLIST_FILE</key>
				<string>my32Tests/Info.plist</string>
				<key>LD_RUNPATH_SEARCH_PATHS</key>
				<string>$(inherited) @executable_path/Frameworks @loader_path/Frameworks</string>
				<key>PRODUCT_BUNDLE_IDENTIFIER</key>
				<string>com.noSad.my32Tests</string>
				<key>PRODUCT_NAME</key>
				<string>$(TARGET_NAME)</string>
				<key>TEST_HOST</key>
				<string>$(BUILT_PRODUCTS_DIR)/my32.app/my32</string>
			</dict>
			<key>isa</key>
			<string>XCBuildConfiguration</string>
			<key>name</key>
			<string>Debug</string>
		</dict>
		<key>1AF2BAE41D7E01F700D27D72</key>
		<dict>
			<key>baseConfigurationReference</key>
			<string>287889BD8A7581DAC7D9915B</string>
			<key>buildSettings</key>
			<dict>
				<key>BUNDLE_LOADER</key>
				<string>$(TEST_HOST)</string>
				<key>INFOPLIST_FILE</key>
				<string>my32Tests/Info.plist</string>
				<key>LD_RUNPATH_SEARCH_PATHS</key>
				<string>$(inherited) @executable_path/Frameworks @loader_path/Frameworks</string>
				<key>PRODUCT_BUNDLE_IDENTIFIER</key>
				<string>com.noSad.my32Tests</string>
				<key>PRODUCT_NAME</key>
				<string>$(TARGET_NAME)</string>
				<key>TEST_HOST</key>
				<string>$(BUILT_PRODUCTS_DIR)/my32.app/my32</string>
			</dict>
			<key>isa</key>
			<string>XCBuildConfiguration</string>
			<key>name</key>
			<string>Release</string>
		</dict>
		<key>1AF2BAE51D7E01F700D27D72</key>
		<dict>
			<key>buildConfigurations</key>
			<array>
				<string>1AF2BAE61D7E01F700D27D72</string>
				<string>1AF2BAE71D7E01F700D27D72</string>
			</array>
			<key>defaultConfigurationIsVisible</key>
			<string>0</string>
			<key>defaultConfigurationName</key>
			<string>Release</string>
			<key>isa</key>
			<string>XCConfigurationList</string>
		</dict>
		<key>1AF2BAE61D7E01F700D27D72</key>
		<dict>
			<key>baseConfigurationReference</key>
			<string>5CEF3C3EC6732EA86CB21014</string>
			<key>buildSettings</key>
			<dict>
				<key>INFOPLIST_FILE</key>
				<string>my32UITests/Info.plist</string>
				<key>LD_RUNPATH_SEARCH_PATHS</key>
				<string>$(inherited) @executable_path/Frameworks @loader_path/Frameworks</string>
				<key>PRODUCT_BUNDLE_IDENTIFIER</key>
				<string>com.noSad.my32UITests</string>
				<key>PRODUCT_NAME</key>
				<string>$(TARGET_NAME)</string>
				<key>TEST_TARGET_NAME</key>
				<string>my32</string>
			</dict>
			<key>isa</key>
			<string>XCBuildConfiguration</string>
			<key>name</key>
			<string>Debug</string>
		</dict>
		<key>1AF2BAE71D7E01F700D27D72</key>
		<dict>
			<key>baseConfigurationReference</key>
			<string>B0BFDFE428602B6E6F3841CF</string>
			<key>buildSettings</key>
			<dict>
				<key>INFOPLIST_FILE</key>
				<string>my32UITests/Info.plist</string>
				<key>LD_RUNPATH_SEARCH_PATHS</key>
				<string>$(inherited) @executable_path/Frameworks @loader_path/Frameworks</string>
				<key>PRODUCT_BUNDLE_IDENTIFIER</key>
				<string>com.noSad.my32UITests</string>
				<key>PRODUCT_NAME</key>
				<string>$(TARGET_NAME)</string>
				<key>TEST_TARGET_NAME</key>
				<string>my32</string>
			</dict>
			<key>isa</key>
			<string>XCBuildConfiguration</string>
			<key>name</key>
			<string>Release</string>
		</dict>
		<key>1AF2BAE81D7E030400D27D72</key>
		<dict>
			<key>isa</key>
			<string>PBXFileReference</string>
			<key>lastKnownFileType</key>
			<string>wrapper.framework</string>
			<key>name</key>
			<string>MapKit.framework</string>
			<key>path</key>
			<string>System/Library/Frameworks/MapKit.framework</string>
			<key>sourceTree</key>
			<string>SDKROOT</string>
		</dict>
		<key>1AF2BAE91D7E030400D27D72</key>
		<dict>
			<key>fileRef</key>
			<string>1AF2BAE81D7E030400D27D72</string>
			<key>isa</key>
			<string>PBXBuildFile</string>
		</dict>
		<key>1AF2BAEA1D7E037400D27D72</key>
		<dict>
			<key>children</key>
			<array>
				<string>1AF2BAEB1D7E038E00D27D72</string>
			</array>
			<key>isa</key>
			<string>PBXGroup</string>
			<key>name</key>
			<string>Map</string>
			<key>sourceTree</key>
			<string>&lt;group&gt;</string>
		</dict>
		<key>1AF2BAEB1D7E038E00D27D72</key>
		<dict>
			<key>fileEncoding</key>
			<string>4</string>
			<key>isa</key>
			<string>PBXFileReference</string>
			<key>lastKnownFileType</key>
			<string>sourcecode.swift</string>
			<key>name</key>
			<string>my32MapView.swift</string>
			<key>path</key>
			<string>Map/my32MapView.swift</string>
			<key>sourceTree</key>
			<string>&lt;group&gt;</string>
		</dict>
		<key>1AF2BAEC1D7E038E00D27D72</key>
		<dict>
			<key>fileRef</key>
			<string>1AF2BAEB1D7E038E00D27D72</string>
			<key>isa</key>
			<string>PBXBuildFile</string>
		</dict>
		<key>26F9B45CBA54C1052AA1C998</key>
		<dict>
			<key>children</key>
			<array>
				<string>8E35F4A08EF7E3E93549AF93</string>
				<string>74DA81EB6910F3DF7C0D3549</string>
				<string>132B81E76D4F5792C85BFCD1</string>
			</array>
			<key>isa</key>
			<string>PBXGroup</string>
			<key>name</key>
			<string>Frameworks</string>
			<key>sourceTree</key>
			<string>&lt;group&gt;</string>
		</dict>
		<key>287889BD8A7581DAC7D9915B</key>
		<dict>
			<key>includeInIndex</key>
			<string>1</string>
			<key>isa</key>
			<string>PBXFileReference</string>
			<key>lastKnownFileType</key>
			<string>text.xcconfig</string>
			<key>name</key>
			<string>Pods-my32Tests.release.xcconfig</string>
			<key>path</key>
			<string>Pods/Target Support Files/Pods-my32Tests/Pods-my32Tests.release.xcconfig</string>
			<key>sourceTree</key>
			<string>&lt;group&gt;</string>
		</dict>
		<key>35122E9816574ECBE7422163</key>
		<dict>
			<key>buildActionMask</key>
			<string>2147483647</string>
			<key>files</key>
			<array/>
			<key>inputPaths</key>
			<array/>
			<key>isa</key>
			<string>PBXShellScriptBuildPhase</string>
			<key>name</key>
			<string>Copy Pods Resources</string>
			<key>outputPaths</key>
			<array/>
			<key>runOnlyForDeploymentPostprocessing</key>
			<string>0</string>
			<key>shellPath</key>
			<string>/bin/sh</string>
			<key>shellScript</key>
			<string>"${SRCROOT}/Pods/Target Support Files/Pods-my32UITests/Pods-my32UITests-resources.sh"
</string>
			<key>showEnvVarsInLog</key>
			<string>0</string>
		</dict>
		<key>40E30B4871CFF4AF706AC809</key>
		<dict>
			<key>fileRef</key>
			<string>8E35F4A08EF7E3E93549AF93</string>
			<key>isa</key>
			<string>PBXBuildFile</string>
		</dict>
		<key>416D50300E2F17E875D3D1DE</key>
		<dict>
			<key>fileRef</key>
			<string>74DA81EB6910F3DF7C0D3549</string>
			<key>isa</key>
			<string>PBXBuildFile</string>
		</dict>
		<key>45517A4299B3181C21880A44</key>
		<dict>
			<key>includeInIndex</key>
			<string>1</string>
			<key>isa</key>
			<string>PBXFileReference</string>
			<key>lastKnownFileType</key>
			<string>text.xcconfig</string>
			<key>name</key>
			<string>Pods-my32.debug.xcconfig</string>
			<key>path</key>
			<string>Pods/Target Support Files/Pods-my32/Pods-my32.debug.xcconfig</string>
			<key>sourceTree</key>
			<string>&lt;group&gt;</string>
		</dict>
		<key>5CEF3C3EC6732EA86CB21014</key>
		<dict>
			<key>includeInIndex</key>
			<string>1</string>
			<key>isa</key>
			<string>PBXFileReference</string>
			<key>lastKnownFileType</key>
			<string>text.xcconfig</string>
			<key>name</key>
			<string>Pods-my32UITests.debug.xcconfig</string>
			<key>path</key>
			<string>Pods/Target Support Files/Pods-my32UITests/Pods-my32UITests.debug.xcconfig</string>
			<key>sourceTree</key>
			<string>&lt;group&gt;</string>
		</dict>
		<key>5CFDF49499383E2BA1B8B403</key>
		<dict>
			<key>includeInIndex</key>
			<string>1</string>
			<key>isa</key>
			<string>PBXFileReference</string>
			<key>lastKnownFileType</key>
			<string>text.xcconfig</string>
			<key>name</key>
			<string>Pods-my32Tests.debug.xcconfig</string>
			<key>path</key>
			<string>Pods/Target Support Files/Pods-my32Tests/Pods-my32Tests.debug.xcconfig</string>
			<key>sourceTree</key>
			<string>&lt;group&gt;</string>
		</dict>
		<key>74DA81EB6910F3DF7C0D3549</key>
		<dict>
			<key>explicitFileType</key>
			<string>archive.ar</string>
			<key>includeInIndex</key>
			<string>0</string>
			<key>isa</key>
			<string>PBXFileReference</string>
			<key>path</key>
			<string>libPods-my32Tests.a</string>
			<key>sourceTree</key>
			<string>BUILT_PRODUCTS_DIR</string>
		</dict>
		<key>8C6A78E8EE61F859038FFFED</key>
		<dict>
			<key>children</key>
			<array>
				<string>45517A4299B3181C21880A44</string>
				<string>AB09D9AF677F2C122496C3BD</string>
				<string>5CFDF49499383E2BA1B8B403</string>
				<string>287889BD8A7581DAC7D9915B</string>
				<string>5CEF3C3EC6732EA86CB21014</string>
				<string>B0BFDFE428602B6E6F3841CF</string>
			</array>
			<key>isa</key>
			<string>PBXGroup</string>
			<key>name</key>
			<string>Pods</string>
			<key>sourceTree</key>
			<string>&lt;group&gt;</string>
		</dict>
		<key>8E35F4A08EF7E3E93549AF93</key>
		<dict>
			<key>explicitFileType</key>
			<string>archive.ar</string>
			<key>includeInIndex</key>
			<string>0</string>
			<key>isa</key>
			<string>PBXFileReference</string>
			<key>path</key>
			<string>libPods-my32.a</string>
			<key>sourceTree</key>
			<string>BUILT_PRODUCTS_DIR</string>
		</dict>
		<key>AB09D9AF677F2C122496C3BD</key>
		<dict>
			<key>includeInIndex</key>
			<string>1</string>
			<key>isa</key>
			<string>PBXFileReference</string>
			<key>lastKnownFileType</key>
			<string>text.xcconfig</string>
			<key>name</key>
			<string>Pods-my32.release.xcconfig</string>
			<key>path</key>
			<string>Pods/Target Support Files/Pods-my32/Pods-my32.release.xcconfig</string>
			<key>sourceTree</key>
			<string>&lt;group&gt;</string>
		</dict>
		<key>B0BFDFE428602B6E6F3841CF</key>
		<dict>
			<key>includeInIndex</key>
			<string>1</string>
			<key>isa</key>
			<string>PBXFileReference</string>
			<key>lastKnownFileType</key>
			<string>text.xcconfig</string>
			<key>name</key>
			<string>Pods-my32UITests.release.xcconfig</string>
			<key>path</key>
			<string>Pods/Target Support Files/Pods-my32UITests/Pods-my32UITests.release.xcconfig</string>
			<key>sourceTree</key>
			<string>&lt;group&gt;</string>
		</dict>
		<key>D1B6AC3B697062E0E089EC8D</key>
		<dict>
			<key>buildActionMask</key>
			<string>2147483647</string>
			<key>files</key>
			<array/>
			<key>inputPaths</key>
			<array/>
			<key>isa</key>
			<string>PBXShellScriptBuildPhase</string>
			<key>name</key>
			<string>Embed Pods Frameworks</string>
			<key>outputPaths</key>
			<array/>
			<key>runOnlyForDeploymentPostprocessing</key>
			<string>0</string>
			<key>shellPath</key>
			<string>/bin/sh</string>
			<key>shellScript</key>
			<string>"${SRCROOT}/Pods/Target Support Files/Pods-my32/Pods-my32-frameworks.sh"
</string>
			<key>showEnvVarsInLog</key>
			<string>0</string>
		</dict>
		<key>D3EE6DE11BE0CBD9424E3D02</key>
		<dict>
			<key>buildActionMask</key>
			<string>2147483647</string>
			<key>files</key>
			<array/>
			<key>inputPaths</key>
			<array/>
			<key>isa</key>
			<string>PBXShellScriptBuildPhase</string>
			<key>name</key>
			<string>Check Pods Manifest.lock</string>
			<key>outputPaths</key>
			<array/>
			<key>runOnlyForDeploymentPostprocessing</key>
			<string>0</string>
			<key>shellPath</key>
			<string>/bin/sh</string>
			<key>shellScript</key>
			<string>diff "${PODS_ROOT}/../Podfile.lock" "${PODS_ROOT}/Manifest.lock" &gt; /dev/null
if [[ $? != 0 ]] ; then
    cat &lt;&lt; EOM
error: The sandbox is not in sync with the Podfile.lock. Run 'pod install' or update your CocoaPods installation.
EOM
    exit 1
fi
</string>
			<key>showEnvVarsInLog</key>
			<string>0</string>
		</dict>
		<key>F1BC50F2B2C1C17F4C09F609</key>
		<dict>
			<key>buildActionMask</key>
			<string>2147483647</string>
			<key>files</key>
			<array/>
			<key>inputPaths</key>
			<array/>
			<key>isa</key>
			<string>PBXShellScriptBuildPhase</string>
			<key>name</key>
			<string>Check Pods Manifest.lock</string>
			<key>outputPaths</key>
			<array/>
			<key>runOnlyForDeploymentPostprocessing</key>
			<string>0</string>
			<key>shellPath</key>
			<string>/bin/sh</string>
			<key>shellScript</key>
			<string>diff "${PODS_ROOT}/../Podfile.lock" "${PODS_ROOT}/Manifest.lock" &gt; /dev/null
if [[ $? != 0 ]] ; then
    cat &lt;&lt; EOM
error: The sandbox is not in sync with the Podfile.lock. Run 'pod install' or update your CocoaPods installation.
EOM
    exit 1
fi
</string>
			<key>showEnvVarsInLog</key>
			<string>0</string>
		</dict>
		<key>FC7F6441901155BB948ABEDD</key>
		<dict>
			<key>buildActionMask</key>
			<string>2147483647</string>
			<key>files</key>
			<array/>
			<key>inputPaths</key>
			<array/>
			<key>isa</key>
			<string>PBXShellScriptBuildPhase</string>
			<key>name</key>
			<string>Copy Pods Resources</string>
			<key>outputPaths</key>
			<array/>
			<key>runOnlyForDeploymentPostprocessing</key>
			<string>0</string>
			<key>shellPath</key>
			<string>/bin/sh</string>
			<key>shellScript</key>
			<string>"${SRCROOT}/Pods/Target Support Files/Pods-my32Tests/Pods-my32Tests-resources.sh"
</string>
			<key>showEnvVarsInLog</key>
			<string>0</string>
		</dict>
		<key>FEE26D3A7060B9A58CDB0ACE</key>
		<dict>
			<key>buildActionMask</key>
			<string>2147483647</string>
			<key>files</key>
			<array/>
			<key>inputPaths</key>
			<array/>
			<key>isa</key>
			<string>PBXShellScriptBuildPhase</string>
			<key>name</key>
			<string>Embed Pods Frameworks</string>
			<key>outputPaths</key>
			<array/>
			<key>runOnlyForDeploymentPostprocessing</key>
			<string>0</string>
			<key>shellPath</key>
			<string>/bin/sh</string>
			<key>shellScript</key>
			<string>"${SRCROOT}/Pods/Target Support Files/Pods-my32Tests/Pods-my32Tests-frameworks.sh"
</string>
			<key>showEnvVarsInLog</key>
			<string>0</string>
		</dict>
	</dict>
	<key>rootObject</key>
	<string>1AF2BAAC1D7E01F700D27D72</string>
</dict>
</plist>
