// !$*UTF8*$!
{
	archiveVersion = 1;
	classes = {
	};
	objectVersion = 46;
	objects = {

/* Begin PBXBuildFile section */
		1A12C1971D90992700D5964D /* Limerick.geojson in Resources */ = {isa = PBXBuildFile; fileRef = 1A12C1961D90992700D5964D /* Limerick.geojson */; };
		1AF2BAB81D7E01F700D27D72 /* AppDelegate.swift in Sources */ = {isa = PBXBuildFile; fileRef = 1AF2BAB71D7E01F700D27D72 /* AppDelegate.swift */; };
		1AF2BABA1D7E01F700D27D72 /* ViewController.swift in Sources */ = {isa = PBXBuildFile; fileRef = 1AF2BAB91D7E01F700D27D72 /* ViewController.swift */; };
		1AF2BABD1D7E01F700D27D72 /* Main.storyboard in Resources */ = {isa = PBXBuildFile; fileRef = 1AF2BABB1D7E01F700D27D72 /* Main.storyboard */; };
		1AF2BAC01D7E01F700D27D72 /* my32.xcdatamodeld in Sources */ = {isa = PBXBuildFile; fileRef = 1AF2BABE1D7E01F700D27D72 /* my32.xcdatamodeld */; };
		1AF2BAC21D7E01F700D27D72 /* Assets.xcassets in Resources */ = {isa = PBXBuildFile; fileRef = 1AF2BAC11D7E01F700D27D72 /* Assets.xcassets */; };
		1AF2BAD01D7E01F700D27D72 /* my32Tests.swift in Sources */ = {isa = PBXBuildFile; fileRef = 1AF2BACF1D7E01F700D27D72 /* my32Tests.swift */; };
		1AF2BADB1D7E01F700D27D72 /* my32UITests.swift in Sources */ = {isa = PBXBuildFile; fileRef = 1AF2BADA1D7E01F700D27D72 /* my32UITests.swift */; };
		1AF2BAE91D7E030400D27D72 /* MapKit.framework in Frameworks */ = {isa = PBXBuildFile; fileRef = 1AF2BAE81D7E030400D27D72 /* MapKit.framework */; };
		1AF405621D90764600B6A2E8 /* M32MapView.swift in Sources */ = {isa = PBXBuildFile; fileRef = 1AF405611D90764600B6A2E8 /* M32MapView.swift */; };
		1AF405641D90771100B6A2E8 /* M32County.swift in Sources */ = {isa = PBXBuildFile; fileRef = 1AF405631D90771100B6A2E8 /* M32County.swift */; };
		1AF405661D907F9700B6A2E8 /* counties.geojson in Resources */ = {isa = PBXBuildFile; fileRef = 1AF405651D907F9700B6A2E8 /* counties.geojson */; };
		1AFE19AA1DA13713002F7748 /* ListViewController.swift in Sources */ = {isa = PBXBuildFile; fileRef = 1AFE19A91DA13713002F7748 /* ListViewController.swift */; };
		8C294C005DC8879F1AB26AE0 /* Pods_my32.framework in Frameworks */ = {isa = PBXBuildFile; fileRef = D58BEA91168EF284503ACA3E /* Pods_my32.framework */; };
		C82AFB96A3E19DA9D4252D96 /* Pods_my32UITests.framework in Frameworks */ = {isa = PBXBuildFile; fileRef = D65FD33A2F5428030251E25F /* Pods_my32UITests.framework */; };
		FAA48ECB7A42387D5C09EDD0 /* Pods_my32Tests.framework in Frameworks */ = {isa = PBXBuildFile; fileRef = F2FC689C0A5C8072778D2405 /* Pods_my32Tests.framework */; };
/* End PBXBuildFile section */

/* Begin PBXContainerItemProxy section */
		1AF2BACC1D7E01F700D27D72 /* PBXContainerItemProxy */ = {
			isa = PBXContainerItemProxy;
			containerPortal = 1AF2BAAC1D7E01F700D27D72 /* Project object */;
			proxyType = 1;
			remoteGlobalIDString = 1AF2BAB31D7E01F700D27D72;
			remoteInfo = my32;
		};
		1AF2BAD71D7E01F700D27D72 /* PBXContainerItemProxy */ = {
			isa = PBXContainerItemProxy;
			containerPortal = 1AF2BAAC1D7E01F700D27D72 /* Project object */;
			proxyType = 1;
			remoteGlobalIDString = 1AF2BAB31D7E01F700D27D72;
			remoteInfo = my32;
		};
/* End PBXContainerItemProxy section */

/* Begin PBXFileReference section */
		1A12C1961D90992700D5964D /* Limerick.geojson */ = {isa = PBXFileReference; fileEncoding = 4; lastKnownFileType = text; path = Limerick.geojson; sourceTree = "<group>"; };
		1AF2BAB41D7E01F700D27D72 /* my32.app */ = {isa = PBXFileReference; explicitFileType = wrapper.application; includeInIndex = 0; path = my32.app; sourceTree = BUILT_PRODUCTS_DIR; };
		1AF2BAB71D7E01F700D27D72 /* AppDelegate.swift */ = {isa = PBXFileReference; lastKnownFileType = sourcecode.swift; path = AppDelegate.swift; sourceTree = "<group>"; };
		1AF2BAB91D7E01F700D27D72 /* ViewController.swift */ = {isa = PBXFileReference; lastKnownFileType = sourcecode.swift; path = ViewController.swift; sourceTree = "<group>"; };
		1AF2BABC1D7E01F700D27D72 /* Base */ = {isa = PBXFileReference; lastKnownFileType = file.storyboard; name = Base; path = Base.lproj/Main.storyboard; sourceTree = "<group>"; };
		1AF2BABF1D7E01F700D27D72 /* my32.xcdatamodel */ = {isa = PBXFileReference; lastKnownFileType = wrapper.xcdatamodel; path = my32.xcdatamodel; sourceTree = "<group>"; };
		1AF2BAC11D7E01F700D27D72 /* Assets.xcassets */ = {isa = PBXFileReference; lastKnownFileType = folder.assetcatalog; path = Assets.xcassets; sourceTree = "<group>"; };
		1AF2BAC61D7E01F700D27D72 /* Info.plist */ = {isa = PBXFileReference; lastKnownFileType = text.plist.xml; path = Info.plist; sourceTree = "<group>"; };
		1AF2BACB1D7E01F700D27D72 /* my32Tests.xctest */ = {isa = PBXFileReference; explicitFileType = wrapper.cfbundle; includeInIndex = 0; path = my32Tests.xctest; sourceTree = BUILT_PRODUCTS_DIR; };
		1AF2BACF1D7E01F700D27D72 /* my32Tests.swift */ = {isa = PBXFileReference; lastKnownFileType = sourcecode.swift; path = my32Tests.swift; sourceTree = "<group>"; };
		1AF2BAD11D7E01F700D27D72 /* Info.plist */ = {isa = PBXFileReference; lastKnownFileType = text.plist.xml; path = Info.plist; sourceTree = "<group>"; };
		1AF2BAD61D7E01F700D27D72 /* my32UITests.xctest */ = {isa = PBXFileReference; explicitFileType = wrapper.cfbundle; includeInIndex = 0; path = my32UITests.xctest; sourceTree = BUILT_PRODUCTS_DIR; };
		1AF2BADA1D7E01F700D27D72 /* my32UITests.swift */ = {isa = PBXFileReference; lastKnownFileType = sourcecode.swift; path = my32UITests.swift; sourceTree = "<group>"; };
		1AF2BADC1D7E01F700D27D72 /* Info.plist */ = {isa = PBXFileReference; lastKnownFileType = text.plist.xml; path = Info.plist; sourceTree = "<group>"; };
		1AF2BAE81D7E030400D27D72 /* MapKit.framework */ = {isa = PBXFileReference; lastKnownFileType = wrapper.framework; name = MapKit.framework; path = System/Library/Frameworks/MapKit.framework; sourceTree = SDKROOT; };
		1AF405611D90764600B6A2E8 /* M32MapView.swift */ = {isa = PBXFileReference; fileEncoding = 4; lastKnownFileType = sourcecode.swift; name = M32MapView.swift; path = Map/M32MapView.swift; sourceTree = "<group>"; };
		1AF405631D90771100B6A2E8 /* M32County.swift */ = {isa = PBXFileReference; fileEncoding = 4; lastKnownFileType = sourcecode.swift; name = M32County.swift; path = Map/M32County.swift; sourceTree = "<group>"; };
		1AF405651D907F9700B6A2E8 /* counties.geojson */ = {isa = PBXFileReference; fileEncoding = 4; lastKnownFileType = text; path = counties.geojson; sourceTree = "<group>"; };
		1AFE19A91DA13713002F7748 /* ListViewController.swift */ = {isa = PBXFileReference; fileEncoding = 4; lastKnownFileType = sourcecode.swift; path = ListViewController.swift; sourceTree = "<group>"; };
		287889BD8A7581DAC7D9915B /* Pods-my32Tests.release.xcconfig */ = {isa = PBXFileReference; includeInIndex = 1; lastKnownFileType = text.xcconfig; name = "Pods-my32Tests.release.xcconfig"; path = "Pods/Target Support Files/Pods-my32Tests/Pods-my32Tests.release.xcconfig"; sourceTree = "<group>"; };
		45517A4299B3181C21880A44 /* Pods-my32.debug.xcconfig */ = {isa = PBXFileReference; includeInIndex = 1; lastKnownFileType = text.xcconfig; name = "Pods-my32.debug.xcconfig"; path = "Pods/Target Support Files/Pods-my32/Pods-my32.debug.xcconfig"; sourceTree = "<group>"; };
		5CEF3C3EC6732EA86CB21014 /* Pods-my32UITests.debug.xcconfig */ = {isa = PBXFileReference; includeInIndex = 1; lastKnownFileType = text.xcconfig; name = "Pods-my32UITests.debug.xcconfig"; path = "Pods/Target Support Files/Pods-my32UITests/Pods-my32UITests.debug.xcconfig"; sourceTree = "<group>"; };
		5CFDF49499383E2BA1B8B403 /* Pods-my32Tests.debug.xcconfig */ = {isa = PBXFileReference; includeInIndex = 1; lastKnownFileType = text.xcconfig; name = "Pods-my32Tests.debug.xcconfig"; path = "Pods/Target Support Files/Pods-my32Tests/Pods-my32Tests.debug.xcconfig"; sourceTree = "<group>"; };
		AB09D9AF677F2C122496C3BD /* Pods-my32.release.xcconfig */ = {isa = PBXFileReference; includeInIndex = 1; lastKnownFileType = text.xcconfig; name = "Pods-my32.release.xcconfig"; path = "Pods/Target Support Files/Pods-my32/Pods-my32.release.xcconfig"; sourceTree = "<group>"; };
		B0BFDFE428602B6E6F3841CF /* Pods-my32UITests.release.xcconfig */ = {isa = PBXFileReference; includeInIndex = 1; lastKnownFileType = text.xcconfig; name = "Pods-my32UITests.release.xcconfig"; path = "Pods/Target Support Files/Pods-my32UITests/Pods-my32UITests.release.xcconfig"; sourceTree = "<group>"; };
		D58BEA91168EF284503ACA3E /* Pods_my32.framework */ = {isa = PBXFileReference; explicitFileType = wrapper.framework; includeInIndex = 0; path = Pods_my32.framework; sourceTree = BUILT_PRODUCTS_DIR; };
		D65FD33A2F5428030251E25F /* Pods_my32UITests.framework */ = {isa = PBXFileReference; explicitFileType = wrapper.framework; includeInIndex = 0; path = Pods_my32UITests.framework; sourceTree = BUILT_PRODUCTS_DIR; };
		F2FC689C0A5C8072778D2405 /* Pods_my32Tests.framework */ = {isa = PBXFileReference; explicitFileType = wrapper.framework; includeInIndex = 0; path = Pods_my32Tests.framework; sourceTree = BUILT_PRODUCTS_DIR; };
/* End PBXFileReference section */

/* Begin PBXFrameworksBuildPhase section */
		1AF2BAB11D7E01F700D27D72 /* Frameworks */ = {
			isa = PBXFrameworksBuildPhase;
			buildActionMask = 2147483647;
			files = (
				1AF2BAE91D7E030400D27D72 /* MapKit.framework in Frameworks */,
				8C294C005DC8879F1AB26AE0 /* Pods_my32.framework in Frameworks */,
			);
			runOnlyForDeploymentPostprocessing = 0;
		};
		1AF2BAC81D7E01F700D27D72 /* Frameworks */ = {
			isa = PBXFrameworksBuildPhase;
			buildActionMask = 2147483647;
			files = (
				FAA48ECB7A42387D5C09EDD0 /* Pods_my32Tests.framework in Frameworks */,
			);
			runOnlyForDeploymentPostprocessing = 0;
		};
		1AF2BAD31D7E01F700D27D72 /* Frameworks */ = {
			isa = PBXFrameworksBuildPhase;
			buildActionMask = 2147483647;
			files = (
				C82AFB96A3E19DA9D4252D96 /* Pods_my32UITests.framework in Frameworks */,
			);
			runOnlyForDeploymentPostprocessing = 0;
		};
/* End PBXFrameworksBuildPhase section */

/* Begin PBXGroup section */
		1AF2BAAB1D7E01F700D27D72 = {
			isa = PBXGroup;
			children = (
				1AF2BAE81D7E030400D27D72 /* MapKit.framework */,
				1AF2BAB61D7E01F700D27D72 /* my32 */,
				1AF2BACE1D7E01F700D27D72 /* my32Tests */,
				1AF2BAD91D7E01F700D27D72 /* my32UITests */,
				1AF2BAB51D7E01F700D27D72 /* Products */,
				8C6A78E8EE61F859038FFFED /* Pods */,
				26F9B45CBA54C1052AA1C998 /* Frameworks */,
			);
			sourceTree = "<group>";
		};
		1AF2BAB51D7E01F700D27D72 /* Products */ = {
			isa = PBXGroup;
			children = (
				1AF2BAB41D7E01F700D27D72 /* my32.app */,
				1AF2BACB1D7E01F700D27D72 /* my32Tests.xctest */,
				1AF2BAD61D7E01F700D27D72 /* my32UITests.xctest */,
			);
			name = Products;
			sourceTree = "<group>";
		};
		1AF2BAB61D7E01F700D27D72 /* my32 */ = {
			isa = PBXGroup;
			children = (
				1A12C1961D90992700D5964D /* Limerick.geojson */,
				1AF405651D907F9700B6A2E8 /* counties.geojson */,
				1AF2BAB71D7E01F700D27D72 /* AppDelegate.swift */,
				1AF2BAB91D7E01F700D27D72 /* ViewController.swift */,
				1AF405611D90764600B6A2E8 /* M32MapView.swift */,
				1AF405631D90771100B6A2E8 /* M32County.swift */,
				1AF2BABB1D7E01F700D27D72 /* Main.storyboard */,
				1AF2BAC11D7E01F700D27D72 /* Assets.xcassets */,
				1AF2BAC61D7E01F700D27D72 /* Info.plist */,
				1AF2BABE1D7E01F700D27D72 /* my32.xcdatamodeld */,
				1AFE19A91DA13713002F7748 /* ListViewController.swift */,
			);
			path = my32;
			sourceTree = "<group>";
		};
		1AF2BACE1D7E01F700D27D72 /* my32Tests */ = {
			isa = PBXGroup;
			children = (
				1AF2BACF1D7E01F700D27D72 /* my32Tests.swift */,
				1AF2BAD11D7E01F700D27D72 /* Info.plist */,
			);
			path = my32Tests;
			sourceTree = "<group>";
		};
		1AF2BAD91D7E01F700D27D72 /* my32UITests */ = {
			isa = PBXGroup;
			children = (
				1AF2BADA1D7E01F700D27D72 /* my32UITests.swift */,
				1AF2BADC1D7E01F700D27D72 /* Info.plist */,
			);
			path = my32UITests;
			sourceTree = "<group>";
		};
		26F9B45CBA54C1052AA1C998 /* Frameworks */ = {
			isa = PBXGroup;
			children = (
				D58BEA91168EF284503ACA3E /* Pods_my32.framework */,
				F2FC689C0A5C8072778D2405 /* Pods_my32Tests.framework */,
				D65FD33A2F5428030251E25F /* Pods_my32UITests.framework */,
			);
			name = Frameworks;
			sourceTree = "<group>";
		};
		8C6A78E8EE61F859038FFFED /* Pods */ = {
			isa = PBXGroup;
			children = (
				45517A4299B3181C21880A44 /* Pods-my32.debug.xcconfig */,
				AB09D9AF677F2C122496C3BD /* Pods-my32.release.xcconfig */,
				5CFDF49499383E2BA1B8B403 /* Pods-my32Tests.debug.xcconfig */,
				287889BD8A7581DAC7D9915B /* Pods-my32Tests.release.xcconfig */,
				5CEF3C3EC6732EA86CB21014 /* Pods-my32UITests.debug.xcconfig */,
				B0BFDFE428602B6E6F3841CF /* Pods-my32UITests.release.xcconfig */,
			);
			name = Pods;
			sourceTree = "<group>";
		};
/* End PBXGroup section */

/* Begin PBXNativeTarget section */
		1AF2BAB31D7E01F700D27D72 /* my32 */ = {
			isa = PBXNativeTarget;
			buildConfigurationList = 1AF2BADF1D7E01F700D27D72 /* Build configuration list for PBXNativeTarget "my32" */;
			buildPhases = (
				053846AB3D56AF5647D5231C /* Check Pods Manifest.lock */,
				1AF2BAB01D7E01F700D27D72 /* Sources */,
				1AF2BAB11D7E01F700D27D72 /* Frameworks */,
				1AF2BAB21D7E01F700D27D72 /* Resources */,
				D1B6AC3B697062E0E089EC8D /* Embed Pods Frameworks */,
				112B48D29F018510DB6116F4 /* Copy Pods Resources */,
				1A8A3F251D7F65BB004EF1F8 /* ShellScript */,
			);
			buildRules = (
			);
			dependencies = (
			);
			name = my32;
			productName = my32;
			productReference = 1AF2BAB41D7E01F700D27D72 /* my32.app */;
			productType = "com.apple.product-type.application";
		};
		1AF2BACA1D7E01F700D27D72 /* my32Tests */ = {
			isa = PBXNativeTarget;
			buildConfigurationList = 1AF2BAE21D7E01F700D27D72 /* Build configuration list for PBXNativeTarget "my32Tests" */;
			buildPhases = (
				D3EE6DE11BE0CBD9424E3D02 /* Check Pods Manifest.lock */,
				1AF2BAC71D7E01F700D27D72 /* Sources */,
				1AF2BAC81D7E01F700D27D72 /* Frameworks */,
				1AF2BAC91D7E01F700D27D72 /* Resources */,
				FEE26D3A7060B9A58CDB0ACE /* Embed Pods Frameworks */,
				FC7F6441901155BB948ABEDD /* Copy Pods Resources */,
			);
			buildRules = (
			);
			dependencies = (
				1AF2BACD1D7E01F700D27D72 /* PBXTargetDependency */,
			);
			name = my32Tests;
			productName = my32Tests;
			productReference = 1AF2BACB1D7E01F700D27D72 /* my32Tests.xctest */;
			productType = "com.apple.product-type.bundle.unit-test";
		};
		1AF2BAD51D7E01F700D27D72 /* my32UITests */ = {
			isa = PBXNativeTarget;
			buildConfigurationList = 1AF2BAE51D7E01F700D27D72 /* Build configuration list for PBXNativeTarget "my32UITests" */;
			buildPhases = (
				F1BC50F2B2C1C17F4C09F609 /* Check Pods Manifest.lock */,
				1AF2BAD21D7E01F700D27D72 /* Sources */,
				1AF2BAD31D7E01F700D27D72 /* Frameworks */,
				1AF2BAD41D7E01F700D27D72 /* Resources */,
				35122E9816574ECBE7422163 /* Copy Pods Resources */,
			);
			buildRules = (
			);
			dependencies = (
				1AF2BAD81D7E01F700D27D72 /* PBXTargetDependency */,
			);
			name = my32UITests;
			productName = my32UITests;
			productReference = 1AF2BAD61D7E01F700D27D72 /* my32UITests.xctest */;
			productType = "com.apple.product-type.bundle.ui-testing";
		};
/* End PBXNativeTarget section */

/* Begin PBXProject section */
		1AF2BAAC1D7E01F700D27D72 /* Project object */ = {
			isa = PBXProject;
			attributes = {
				LastSwiftUpdateCheck = 0730;
				LastUpgradeCheck = 0800;
				ORGANIZATIONNAME = NoSad;
				TargetAttributes = {
					1AF2BAB31D7E01F700D27D72 = {
						CreatedOnToolsVersion = 7.3.1;
						DevelopmentTeam = 46K9FG5ZG8;
						LastSwiftMigration = 0800;
					};
					1AF2BACA1D7E01F700D27D72 = {
						CreatedOnToolsVersion = 7.3.1;
						DevelopmentTeam = 46K9FG5ZG8;
						LastSwiftMigration = 0800;
						TestTargetID = 1AF2BAB31D7E01F700D27D72;
					};
					1AF2BAD51D7E01F700D27D72 = {
						CreatedOnToolsVersion = 7.3.1;
						DevelopmentTeam = 46K9FG5ZG8;
						LastSwiftMigration = 0800;
						TestTargetID = 1AF2BAB31D7E01F700D27D72;
					};
				};
			};
			buildConfigurationList = 1AF2BAAF1D7E01F700D27D72 /* Build configuration list for PBXProject "my32" */;
			compatibilityVersion = "Xcode 3.2";
			developmentRegion = English;
			hasScannedForEncodings = 0;
			knownRegions = (
				en,
				Base,
			);
			mainGroup = 1AF2BAAB1D7E01F700D27D72;
			productRefGroup = 1AF2BAB51D7E01F700D27D72 /* Products */;
			projectDirPath = "";
			projectRoot = "";
			targets = (
				1AF2BAB31D7E01F700D27D72 /* my32 */,
				1AF2BACA1D7E01F700D27D72 /* my32Tests */,
				1AF2BAD51D7E01F700D27D72 /* my32UITests */,
			);
		};
/* End PBXProject section */

/* Begin PBXResourcesBuildPhase section */
		1AF2BAB21D7E01F700D27D72 /* Resources */ = {
			isa = PBXResourcesBuildPhase;
			buildActionMask = 2147483647;
			files = (
				1AF2BAC21D7E01F700D27D72 /* Assets.xcassets in Resources */,
				1AF405661D907F9700B6A2E8 /* counties.geojson in Resources */,
				1AF2BABD1D7E01F700D27D72 /* Main.storyboard in Resources */,
				1A12C1971D90992700D5964D /* Limerick.geojson in Resources */,
			);
			runOnlyForDeploymentPostprocessing = 0;
		};
		1AF2BAC91D7E01F700D27D72 /* Resources */ = {
			isa = PBXResourcesBuildPhase;
			buildActionMask = 2147483647;
			files = (
			);
			runOnlyForDeploymentPostprocessing = 0;
		};
		1AF2BAD41D7E01F700D27D72 /* Resources */ = {
			isa = PBXResourcesBuildPhase;
			buildActionMask = 2147483647;
			files = (
			);
			runOnlyForDeploymentPostprocessing = 0;
		};
/* End PBXResourcesBuildPhase section */

/* Begin PBXShellScriptBuildPhase section */
		053846AB3D56AF5647D5231C /* Check Pods Manifest.lock */ = {
			isa = PBXShellScriptBuildPhase;
			buildActionMask = 2147483647;
			files = (
			);
			inputPaths = (
			);
			name = "Check Pods Manifest.lock";
			outputPaths = (
			);
			runOnlyForDeploymentPostprocessing = 0;
			shellPath = /bin/sh;
			shellScript = "diff \"${PODS_ROOT}/../Podfile.lock\" \"${PODS_ROOT}/Manifest.lock\" > /dev/null\nif [[ $? != 0 ]] ; then\n    cat << EOM\nerror: The sandbox is not in sync with the Podfile.lock. Run 'pod install' or update your CocoaPods installation.\nEOM\n    exit 1\nfi\n";
			showEnvVarsInLog = 0;
		};
		112B48D29F018510DB6116F4 /* Copy Pods Resources */ = {
			isa = PBXShellScriptBuildPhase;
			buildActionMask = 2147483647;
			files = (
			);
			inputPaths = (
			);
			name = "Copy Pods Resources";
			outputPaths = (
			);
			runOnlyForDeploymentPostprocessing = 0;
			shellPath = /bin/sh;
			shellScript = "\"${SRCROOT}/Pods/Target Support Files/Pods-my32/Pods-my32-resources.sh\"\n";
			showEnvVarsInLog = 0;
		};
		1A8A3F251D7F65BB004EF1F8 /* ShellScript */ = {
			isa = PBXShellScriptBuildPhase;
			buildActionMask = 2147483647;
			files = (
			);
			inputPaths = (
			);
			outputPaths = (
			);
			runOnlyForDeploymentPostprocessing = 0;
			shellPath = /bin/sh;
			shellScript = "\"${PODS_ROOT}/Fabric/run\" f3580a7ffbb2322eac670a86ac880aa4a851b544 48edb3f84b9ddc65b8a99596790587e5748dd8f878ba1827a5134432cc1b000a";
		};
		35122E9816574ECBE7422163 /* Copy Pods Resources */ = {
			isa = PBXShellScriptBuildPhase;
			buildActionMask = 2147483647;
			files = (
			);
			inputPaths = (
			);
			name = "Copy Pods Resources";
			outputPaths = (
			);
			runOnlyForDeploymentPostprocessing = 0;
			shellPath = /bin/sh;
			shellScript = "\"${SRCROOT}/Pods/Target Support Files/Pods-my32UITests/Pods-my32UITests-resources.sh\"\n";
			showEnvVarsInLog = 0;
		};
		D1B6AC3B697062E0E089EC8D /* Embed Pods Frameworks */ = {
			isa = PBXShellScriptBuildPhase;
			buildActionMask = 2147483647;
			files = (
			);
			inputPaths = (
			);
			name = "Embed Pods Frameworks";
			outputPaths = (
			);
			runOnlyForDeploymentPostprocessing = 0;
			shellPath = /bin/sh;
			shellScript = "\"${SRCROOT}/Pods/Target Support Files/Pods-my32/Pods-my32-frameworks.sh\"\n";
			showEnvVarsInLog = 0;
		};
		D3EE6DE11BE0CBD9424E3D02 /* Check Pods Manifest.lock */ = {
			isa = PBXShellScriptBuildPhase;
			buildActionMask = 2147483647;
			files = (
			);
			inputPaths = (
			);
			name = "Check Pods Manifest.lock";
			outputPaths = (
			);
			runOnlyForDeploymentPostprocessing = 0;
			shellPath = /bin/sh;
			shellScript = "diff \"${PODS_ROOT}/../Podfile.lock\" \"${PODS_ROOT}/Manifest.lock\" > /dev/null\nif [[ $? != 0 ]] ; then\n    cat << EOM\nerror: The sandbox is not in sync with the Podfile.lock. Run 'pod install' or update your CocoaPods installation.\nEOM\n    exit 1\nfi\n";
			showEnvVarsInLog = 0;
		};
		F1BC50F2B2C1C17F4C09F609 /* Check Pods Manifest.lock */ = {
			isa = PBXShellScriptBuildPhase;
			buildActionMask = 2147483647;
			files = (
			);
			inputPaths = (
			);
			name = "Check Pods Manifest.lock";
			outputPaths = (
			);
			runOnlyForDeploymentPostprocessing = 0;
			shellPath = /bin/sh;
			shellScript = "diff \"${PODS_ROOT}/../Podfile.lock\" \"${PODS_ROOT}/Manifest.lock\" > /dev/null\nif [[ $? != 0 ]] ; then\n    cat << EOM\nerror: The sandbox is not in sync with the Podfile.lock. Run 'pod install' or update your CocoaPods installation.\nEOM\n    exit 1\nfi\n";
			showEnvVarsInLog = 0;
		};
		FC7F6441901155BB948ABEDD /* Copy Pods Resources */ = {
			isa = PBXShellScriptBuildPhase;
			buildActionMask = 2147483647;
			files = (
			);
			inputPaths = (
			);
			name = "Copy Pods Resources";
			outputPaths = (
			);
			runOnlyForDeploymentPostprocessing = 0;
			shellPath = /bin/sh;
			shellScript = "\"${SRCROOT}/Pods/Target Support Files/Pods-my32Tests/Pods-my32Tests-resources.sh\"\n";
			showEnvVarsInLog = 0;
		};
		FEE26D3A7060B9A58CDB0ACE /* Embed Pods Frameworks */ = {
			isa = PBXShellScriptBuildPhase;
			buildActionMask = 2147483647;
			files = (
			);
			inputPaths = (
			);
			name = "Embed Pods Frameworks";
			outputPaths = (
			);
			runOnlyForDeploymentPostprocessing = 0;
			shellPath = /bin/sh;
			shellScript = "\"${SRCROOT}/Pods/Target Support Files/Pods-my32Tests/Pods-my32Tests-frameworks.sh\"\n";
			showEnvVarsInLog = 0;
		};
/* End PBXShellScriptBuildPhase section */

/* Begin PBXSourcesBuildPhase section */
		1AF2BAB01D7E01F700D27D72 /* Sources */ = {
			isa = PBXSourcesBuildPhase;
			buildActionMask = 2147483647;
			files = (
				1AF2BAC01D7E01F700D27D72 /* my32.xcdatamodeld in Sources */,
				1AF2BABA1D7E01F700D27D72 /* ViewController.swift in Sources */,
				1AFE19AA1DA13713002F7748 /* ListViewController.swift in Sources */,
				1AF405621D90764600B6A2E8 /* M32MapView.swift in Sources */,
				1AF2BAB81D7E01F700D27D72 /* AppDelegate.swift in Sources */,
				1AF405641D90771100B6A2E8 /* M32County.swift in Sources */,
			);
			runOnlyForDeploymentPostprocessing = 0;
		};
		1AF2BAC71D7E01F700D27D72 /* Sources */ = {
			isa = PBXSourcesBuildPhase;
			buildActionMask = 2147483647;
			files = (
				1AF2BAD01D7E01F700D27D72 /* my32Tests.swift in Sources */,
			);
			runOnlyForDeploymentPostprocessing = 0;
		};
		1AF2BAD21D7E01F700D27D72 /* Sources */ = {
			isa = PBXSourcesBuildPhase;
			buildActionMask = 2147483647;
			files = (
				1AF2BADB1D7E01F700D27D72 /* my32UITests.swift in Sources */,
			);
			runOnlyForDeploymentPostprocessing = 0;
		};
/* End PBXSourcesBuildPhase section */

/* Begin PBXTargetDependency section */
		1AF2BACD1D7E01F700D27D72 /* PBXTargetDependency */ = {
			isa = PBXTargetDependency;
			target = 1AF2BAB31D7E01F700D27D72 /* my32 */;
			targetProxy = 1AF2BACC1D7E01F700D27D72 /* PBXContainerItemProxy */;
		};
		1AF2BAD81D7E01F700D27D72 /* PBXTargetDependency */ = {
			isa = PBXTargetDependency;
			target = 1AF2BAB31D7E01F700D27D72 /* my32 */;
			targetProxy = 1AF2BAD71D7E01F700D27D72 /* PBXContainerItemProxy */;
		};
/* End PBXTargetDependency section */

/* Begin PBXVariantGroup section */
		1AF2BABB1D7E01F700D27D72 /* Main.storyboard */ = {
			isa = PBXVariantGroup;
			children = (
				1AF2BABC1D7E01F700D27D72 /* Base */,
			);
			name = Main.storyboard;
			sourceTree = "<group>";
		};
/* End PBXVariantGroup section */

/* Begin XCBuildConfiguration section */
		1AF2BADD1D7E01F700D27D72 /* Debug */ = {
			isa = XCBuildConfiguration;
			buildSettings = {
				ALWAYS_SEARCH_USER_PATHS = NO;
				CLANG_ANALYZER_NONNULL = YES;
				CLANG_CXX_LANGUAGE_STANDARD = "gnu++0x";
				CLANG_CXX_LIBRARY = "libc++";
				CLANG_ENABLE_MODULES = YES;
				CLANG_ENABLE_OBJC_ARC = YES;
				CLANG_WARN_BOOL_CONVERSION = YES;
				CLANG_WARN_CONSTANT_CONVERSION = YES;
				CLANG_WARN_DIRECT_OBJC_ISA_USAGE = YES_ERROR;
				CLANG_WARN_EMPTY_BODY = YES;
				CLANG_WARN_ENUM_CONVERSION = YES;
				CLANG_WARN_INFINITE_RECURSION = YES;
				CLANG_WARN_INT_CONVERSION = YES;
				CLANG_WARN_OBJC_ROOT_CLASS = YES_ERROR;
				CLANG_WARN_SUSPICIOUS_MOVE = YES;
				CLANG_WARN_UNREACHABLE_CODE = YES;
				CLANG_WARN__DUPLICATE_METHOD_MATCH = YES;
				"CODE_SIGN_IDENTITY[sdk=iphoneos*]" = "iPhone Developer";
				COPY_PHASE_STRIP = NO;
				DEBUG_INFORMATION_FORMAT = dwarf;
				ENABLE_STRICT_OBJC_MSGSEND = YES;
				ENABLE_TESTABILITY = YES;
				GCC_C_LANGUAGE_STANDARD = gnu99;
				GCC_DYNAMIC_NO_PIC = NO;
				GCC_NO_COMMON_BLOCKS = YES;
				GCC_OPTIMIZATION_LEVEL = 0;
				GCC_PREPROCESSOR_DEFINITIONS = (
					"DEBUG=1",
					"$(inherited)",
				);
				GCC_WARN_64_TO_32_BIT_CONVERSION = YES;
				GCC_WARN_ABOUT_RETURN_TYPE = YES_ERROR;
				GCC_WARN_UNDECLARED_SELECTOR = YES;
				GCC_WARN_UNINITIALIZED_AUTOS = YES_AGGRESSIVE;
				GCC_WARN_UNUSED_FUNCTION = YES;
				GCC_WARN_UNUSED_VARIABLE = YES;
				IPHONEOS_DEPLOYMENT_TARGET = 9.3;
				MTL_ENABLE_DEBUG_INFO = YES;
				ONLY_ACTIVE_ARCH = YES;
				SDKROOT = iphoneos;
				SWIFT_OPTIMIZATION_LEVEL = "-Onone";
				TARGETED_DEVICE_FAMILY = "1,2";
			};
			name = Debug;
		};
		1AF2BADE1D7E01F700D27D72 /* Release */ = {
			isa = XCBuildConfiguration;
			buildSettings = {
				ALWAYS_SEARCH_USER_PATHS = NO;
				CLANG_ANALYZER_NONNULL = YES;
				CLANG_CXX_LANGUAGE_STANDARD = "gnu++0x";
				CLANG_CXX_LIBRARY = "libc++";
				CLANG_ENABLE_MODULES = YES;
				CLANG_ENABLE_OBJC_ARC = YES;
				CLANG_WARN_BOOL_CONVERSION = YES;
				CLANG_WARN_CONSTANT_CONVERSION = YES;
				CLANG_WARN_DIRECT_OBJC_ISA_USAGE = YES_ERROR;
				CLANG_WARN_EMPTY_BODY = YES;
				CLANG_WARN_ENUM_CONVERSION = YES;
				CLANG_WARN_INFINITE_RECURSION = YES;
				CLANG_WARN_INT_CONVERSION = YES;
				CLANG_WARN_OBJC_ROOT_CLASS = YES_ERROR;
				CLANG_WARN_SUSPICIOUS_MOVE = YES;
				CLANG_WARN_UNREACHABLE_CODE = YES;
				CLANG_WARN__DUPLICATE_METHOD_MATCH = YES;
				"CODE_SIGN_IDENTITY[sdk=iphoneos*]" = "iPhone Developer";
				COPY_PHASE_STRIP = NO;
				DEBUG_INFORMATION_FORMAT = "dwarf-with-dsym";
				ENABLE_NS_ASSERTIONS = NO;
				ENABLE_STRICT_OBJC_MSGSEND = YES;
				GCC_C_LANGUAGE_STANDARD = gnu99;
				GCC_NO_COMMON_BLOCKS = YES;
				GCC_WARN_64_TO_32_BIT_CONVERSION = YES;
				GCC_WARN_ABOUT_RETURN_TYPE = YES_ERROR;
				GCC_WARN_UNDECLARED_SELECTOR = YES;
				GCC_WARN_UNINITIALIZED_AUTOS = YES_AGGRESSIVE;
				GCC_WARN_UNUSED_FUNCTION = YES;
				GCC_WARN_UNUSED_VARIABLE = YES;
				IPHONEOS_DEPLOYMENT_TARGET = 9.3;
				MTL_ENABLE_DEBUG_INFO = NO;
				SDKROOT = iphoneos;
				SWIFT_OPTIMIZATION_LEVEL = "-Owholemodule";
				TARGETED_DEVICE_FAMILY = "1,2";
				VALIDATE_PRODUCT = YES;
			};
			name = Release;
		};
		1AF2BAE01D7E01F700D27D72 /* Debug */ = {
			isa = XCBuildConfiguration;
			baseConfigurationReference = 45517A4299B3181C21880A44 /* Pods-my32.debug.xcconfig */;
			buildSettings = {
				ASSETCATALOG_COMPILER_APPICON_NAME = AppIcon;
				ASSETCATALOG_COMPILER_LAUNCHIMAGE_NAME = LaunchImage;
				DEVELOPMENT_TEAM = 46K9FG5ZG8;
				INFOPLIST_FILE = my32/Info.plist;
				IPHONEOS_DEPLOYMENT_TARGET = 10.0;
				LD_RUNPATH_SEARCH_PATHS = "$(inherited) @executable_path/Frameworks";
				PRODUCT_BUNDLE_IDENTIFIER = com.noSad.my32;
				PRODUCT_NAME = "$(TARGET_NAME)";
				SWIFT_VERSION = 3.0;
			};
			name = Debug;
		};
		1AF2BAE11D7E01F700D27D72 /* Release */ = {
			isa = XCBuildConfiguration;
			baseConfigurationReference = AB09D9AF677F2C122496C3BD /* Pods-my32.release.xcconfig */;
			buildSettings = {
				ASSETCATALOG_COMPILER_APPICON_NAME = AppIcon;
				ASSETCATALOG_COMPILER_LAUNCHIMAGE_NAME = LaunchImage;
				DEVELOPMENT_TEAM = 46K9FG5ZG8;
				INFOPLIST_FILE = my32/Info.plist;
				IPHONEOS_DEPLOYMENT_TARGET = 10.0;
				LD_RUNPATH_SEARCH_PATHS = "$(inherited) @executable_path/Frameworks";
				PRODUCT_BUNDLE_IDENTIFIER = com.noSad.my32;
				PRODUCT_NAME = "$(TARGET_NAME)";
				SWIFT_VERSION = 3.0;
			};
			name = Release;
		};
		1AF2BAE31D7E01F700D27D72 /* Debug */ = {
			isa = XCBuildConfiguration;
			baseConfigurationReference = 5CFDF49499383E2BA1B8B403 /* Pods-my32Tests.debug.xcconfig */;
			buildSettings = {
				BUNDLE_LOADER = "$(TEST_HOST)";
				DEVELOPMENT_TEAM = 46K9FG5ZG8;
				INFOPLIST_FILE = my32Tests/Info.plist;
				LD_RUNPATH_SEARCH_PATHS = "$(inherited) @executable_path/Frameworks @loader_path/Frameworks";
				PRODUCT_BUNDLE_IDENTIFIER = com.noSad.my32Tests;
				PRODUCT_NAME = "$(TARGET_NAME)";
				SWIFT_VERSION = 3.0;
				TEST_HOST = "$(BUILT_PRODUCTS_DIR)/my32.app/my32";
			};
			name = Debug;
		};
		1AF2BAE41D7E01F700D27D72 /* Release */ = {
			isa = XCBuildConfiguration;
			baseConfigurationReference = 287889BD8A7581DAC7D9915B /* Pods-my32Tests.release.xcconfig */;
			buildSettings = {
				BUNDLE_LOADER = "$(TEST_HOST)";
				DEVELOPMENT_TEAM = 46K9FG5ZG8;
				INFOPLIST_FILE = my32Tests/Info.plist;
				LD_RUNPATH_SEARCH_PATHS = "$(inherited) @executable_path/Frameworks @loader_path/Frameworks";
				PRODUCT_BUNDLE_IDENTIFIER = com.noSad.my32Tests;
				PRODUCT_NAME = "$(TARGET_NAME)";
				SWIFT_VERSION = 3.0;
				TEST_HOST = "$(BUILT_PRODUCTS_DIR)/my32.app/my32";
			};
			name = Release;
		};
		1AF2BAE61D7E01F700D27D72 /* Debug */ = {
			isa = XCBuildConfiguration;
			baseConfigurationReference = 5CEF3C3EC6732EA86CB21014 /* Pods-my32UITests.debug.xcconfig */;
			buildSettings = {
				DEVELOPMENT_TEAM = 46K9FG5ZG8;
				INFOPLIST_FILE = my32UITests/Info.plist;
				LD_RUNPATH_SEARCH_PATHS = "$(inherited) @executable_path/Frameworks @loader_path/Frameworks";
				PRODUCT_BUNDLE_IDENTIFIER = com.noSad.my32UITests;
				PRODUCT_NAME = "$(TARGET_NAME)";
				SWIFT_VERSION = 3.0;
				TEST_TARGET_NAME = my32;
			};
			name = Debug;
		};
		1AF2BAE71D7E01F700D27D72 /* Release */ = {
			isa = XCBuildConfiguration;
			baseConfigurationReference = B0BFDFE428602B6E6F3841CF /* Pods-my32UITests.release.xcconfig */;
			buildSettings = {
				DEVELOPMENT_TEAM = 46K9FG5ZG8;
				INFOPLIST_FILE = my32UITests/Info.plist;
				LD_RUNPATH_SEARCH_PATHS = "$(inherited) @executable_path/Frameworks @loader_path/Frameworks";
				PRODUCT_BUNDLE_IDENTIFIER = com.noSad.my32UITests;
				PRODUCT_NAME = "$(TARGET_NAME)";
				SWIFT_VERSION = 3.0;
				TEST_TARGET_NAME = my32;
			};
			name = Release;
		};
/* End XCBuildConfiguration section */

/* Begin XCConfigurationList section */
		1AF2BAAF1D7E01F700D27D72 /* Build configuration list for PBXProject "my32" */ = {
			isa = XCConfigurationList;
			buildConfigurations = (
				1AF2BADD1D7E01F700D27D72 /* Debug */,
				1AF2BADE1D7E01F700D27D72 /* Release */,
			);
			defaultConfigurationIsVisible = 0;
			defaultConfigurationName = Release;
		};
		1AF2BADF1D7E01F700D27D72 /* Build configuration list for PBXNativeTarget "my32" */ = {
			isa = XCConfigurationList;
			buildConfigurations = (
				1AF2BAE01D7E01F700D27D72 /* Debug */,
				1AF2BAE11D7E01F700D27D72 /* Release */,
			);
			defaultConfigurationIsVisible = 0;
			defaultConfigurationName = Release;
		};
		1AF2BAE21D7E01F700D27D72 /* Build configuration list for PBXNativeTarget "my32Tests" */ = {
			isa = XCConfigurationList;
			buildConfigurations = (
				1AF2BAE31D7E01F700D27D72 /* Debug */,
				1AF2BAE41D7E01F700D27D72 /* Release */,
			);
			defaultConfigurationIsVisible = 0;
			defaultConfigurationName = Release;
		};
		1AF2BAE51D7E01F700D27D72 /* Build configuration list for PBXNativeTarget "my32UITests" */ = {
			isa = XCConfigurationList;
			buildConfigurations = (
				1AF2BAE61D7E01F700D27D72 /* Debug */,
				1AF2BAE71D7E01F700D27D72 /* Release */,
			);
			defaultConfigurationIsVisible = 0;
			defaultConfigurationName = Release;
		};
/* End XCConfigurationList section */

/* Begin XCVersionGroup section */
		1AF2BABE1D7E01F700D27D72 /* my32.xcdatamodeld */ = {
			isa = XCVersionGroup;
			children = (
				1AF2BABF1D7E01F700D27D72 /* my32.xcdatamodel */,
			);
			currentVersion = 1AF2BABF1D7E01F700D27D72 /* my32.xcdatamodel */;
			path = my32.xcdatamodeld;
			sourceTree = "<group>";
			versionGroupType = wrapper.xcdatamodel;
		};
/* End XCVersionGroup section */
	};
	rootObject = 1AF2BAAC1D7E01F700D27D72 /* Project object */;
}
